
Microsoft Visual Studio Solution File, Format Version 12.00
# Visual Studio 15
VisualStudioVersion = 15.0.28307.1684
MinimumVisualStudioVersion = 10.0.40219.1
Project("{8BC9CEB8-8B4A-11D0-8D11-00A0C91BC942}") = "chapter2", "chapter2\chapter2.vcxproj", "{ED020EF9-98D3-4A68-ADE4-57619425F027}"
EndProject
Global
	GlobalSection(SolutionConfigurationPlatforms) = preSolution
		Debug|x64 = Debug|x64
		Debug|x86 = Debug|x86
		Release|x64 = Release|x64
		Release|x86 = Release|x86
	EndGlobalSection
	GlobalSection(ProjectConfigurationPlatforms) = postSolution
		{ED020EF9-98D3-4A68-ADE4-57619425F027}.Debug|x64.ActiveCfg = Debug|x64
		{ED020EF9-98D3-4A68-ADE4-57619425F027}.Debug|x64.Build.0 = Debug|x64
		{ED020EF9-98D3-4A68-ADE4-57619425F027}.Debug|x86.ActiveCfg = Debug|Win32
		{ED020EF9-98D3-4A68-ADE4-57619425F027}.Debug|x86.Build.0 = Debug|Win32
		{ED020EF9-98D3-4A68-ADE4-57619425F027}.Release|x64.ActiveCfg = Release|x64
		{ED020EF9-98D3-4A68-ADE4-57619425F027}.Release|x64.Build.0 = Release|x64
		{ED020EF9-98D3-4A68-ADE4-57619425F027}.Release|x86.ActiveCfg = Release|Win32
		{ED020EF9-98D3-4A68-ADE4-57619425F027}.Release|x86.Build.0 = Release|Win32
	EndGlobalSection
	GlobalSection(SolutionProperties) = preSolution
		HideSolutionNode = FALSE
	EndGlobalSection
	GlobalSection(ExtensibilityGlobals) = postSolution
		SolutionGuid = {FCCFE221-8A23-4D06-816B-46DAF8DBF1A5}
	EndGlobalSection
EndGlobal
